
Microsoft Visual Studio Solution File, Format Version 12.00
# Visual Studio Version 17
VisualStudioVersion = 17.11.35327.3
MinimumVisualStudioVersion = 10.0.40219.1
Project("{FAE04EC0-301F-11D3-BF4B-00C04F79EFBC}") = "HotelAdmin", "HotelAdmin\HotelAdmin.csproj", "{FEB0EC4E-DA6C-4339-82AE-2B481BFD4EA1}"
EndProject
Global
	GlobalSection(SolutionConfigurationPlatforms) = preSolution
		Debug|Any CPU = Debug|Any CPU
		Release|Any CPU = Release|Any CPU
	EndGlobalSection
	GlobalSection(ProjectConfigurationPlatforms) = postSolution
		{FEB0EC4E-DA6C-4339-82AE-2B481BFD4EA1}.Debug|Any CPU.ActiveCfg = Debug|Any CPU
		{FEB0EC4E-DA6C-4339-82AE-2B481BFD4EA1}.Debug|Any CPU.Build.0 = Debug|Any CPU
		{FEB0EC4E-DA6C-4339-82AE-2B481BFD4EA1}.Release|Any CPU.ActiveCfg = Release|Any CPU
		{FEB0EC4E-DA6C-4339-82AE-2B481BFD4EA1}.Release|Any CPU.Build.0 = Release|Any CPU
	EndGlobalSection
	GlobalSection(SolutionProperties) = preSolution
		HideSolutionNode = FALSE
	EndGlobalSection
	GlobalSection(ExtensibilityGlobals) = postSolution
		SolutionGuid = {0FBA1EB9-1F5B-49CE-8DC5-6AD2B6E9C90E}
	EndGlobalSection
EndGlobal
